// !$*UTF8*$!
{
	archiveVersion = 1;
	classes = {
	};
	objectVersion = 46;
	objects = {

/* Begin PBXBuildFile section */
		F0E98966196EBC6D0009A427 /* AppDelegate.swift in Sources */ = {isa = PBXBuildFile; fileRef = F0E98965196EBC6D0009A427 /* AppDelegate.swift */; };
		F0E98968196EBC6D0009A427 /* ViewControllerWBKurse.swift in Sources */ = {isa = PBXBuildFile; fileRef = F0E98967196EBC6D0009A427 /* ViewControllerWBKurse.swift */; };
		F0E9896A196EBC6D0009A427 /* ViewControllerLogin.swift in Sources */ = {isa = PBXBuildFile; fileRef = F0E98969196EBC6D0009A427 /* ViewControllerLogin.swift */; };
		F0E9896D196EBC6D0009A427 /* Main.storyboard in Resources */ = {isa = PBXBuildFile; fileRef = F0E9896B196EBC6D0009A427 /* Main.storyboard */; };
		F0E9896F196EBC6D0009A427 /* Images.xcassets in Resources */ = {isa = PBXBuildFile; fileRef = F0E9896E196EBC6D0009A427 /* Images.xcassets */; };
		F0E9897B196EBC6D0009A427 /* TabbarTests.swift in Sources */ = {isa = PBXBuildFile; fileRef = F0E9897A196EBC6D0009A427 /* TabbarTests.swift */; };
		F0E98985196EBE0F0009A427 /* ViewControllerEinstellungen.swift in Sources */ = {isa = PBXBuildFile; fileRef = F0E98984196EBE0F0009A427 /* ViewControllerEinstellungen.swift */; };
		F0E98988196EBEA30009A427 /* Default@2x.jpg in Resources */ = {isa = PBXBuildFile; fileRef = F0E98986196EBEA30009A427 /* Default@2x.jpg */; };
		F0E98989196EBEA30009A427 /* Default@R4.jpg in Resources */ = {isa = PBXBuildFile; fileRef = F0E98987196EBEA30009A427 /* Default@R4.jpg */; };
		F0E9898B196EC6E10009A427 /* MapKit.framework in Frameworks */ = {isa = PBXBuildFile; fileRef = F0E9898A196EC6E10009A427 /* MapKit.framework */; };
		F0E9898D196EC7B00009A427 /* ViewControllerMap.swift in Sources */ = {isa = PBXBuildFile; fileRef = F0E9898C196EC7B00009A427 /* ViewControllerMap.swift */; };
/* End PBXBuildFile section */

/* Begin PBXContainerItemProxy section */
		F0E98975196EBC6D0009A427 /* PBXContainerItemProxy */ = {
			isa = PBXContainerItemProxy;
			containerPortal = F0E98958196EBC6D0009A427 /* Project object */;
			proxyType = 1;
			remoteGlobalIDString = F0E9895F196EBC6D0009A427;
			remoteInfo = Tabbar;
		};
/* End PBXContainerItemProxy section */

/* Begin PBXFileReference section */
		F0E98960196EBC6D0009A427 /* Tabbar.app */ = {isa = PBXFileReference; explicitFileType = wrapper.application; includeInIndex = 0; path = Tabbar.app; sourceTree = BUILT_PRODUCTS_DIR; };
		F0E98964196EBC6D0009A427 /* Info.plist */ = {isa = PBXFileReference; lastKnownFileType = text.plist.xml; path = Info.plist; sourceTree = "<group>"; };
		F0E98965196EBC6D0009A427 /* AppDelegate.swift */ = {isa = PBXFileReference; lastKnownFileType = sourcecode.swift; path = AppDelegate.swift; sourceTree = "<group>"; };
		F0E98967196EBC6D0009A427 /* ViewControllerWBKurse.swift */ = {isa = PBXFileReference; lastKnownFileType = sourcecode.swift; path = ViewControllerWBKurse.swift; sourceTree = "<group>"; };
		F0E98969196EBC6D0009A427 /* ViewControllerLogin.swift */ = {isa = PBXFileReference; lastKnownFileType = sourcecode.swift; path = ViewControllerLogin.swift; sourceTree = "<group>"; };
		F0E9896C196EBC6D0009A427 /* Base */ = {isa = PBXFileReference; lastKnownFileType = file.storyboard; name = Base; path = Base.lproj/Main.storyboard; sourceTree = "<group>"; };
		F0E9896E196EBC6D0009A427 /* Images.xcassets */ = {isa = PBXFileReference; lastKnownFileType = folder.assetcatalog; path = Images.xcassets; sourceTree = "<group>"; };
		F0E98974196EBC6D0009A427 /* TabbarTests.xctest */ = {isa = PBXFileReference; explicitFileType = wrapper.cfbundle; includeInIndex = 0; path = TabbarTests.xctest; sourceTree = BUILT_PRODUCTS_DIR; };
		F0E98979196EBC6D0009A427 /* Info.plist */ = {isa = PBXFileReference; lastKnownFileType = text.plist.xml; path = Info.plist; sourceTree = "<group>"; };
		F0E9897A196EBC6D0009A427 /* TabbarTests.swift */ = {isa = PBXFileReference; lastKnownFileType = sourcecode.swift; path = TabbarTests.swift; sourceTree = "<group>"; };
		F0E98984196EBE0F0009A427 /* ViewControllerEinstellungen.swift */ = {isa = PBXFileReference; fileEncoding = 4; lastKnownFileType = sourcecode.swift; path = ViewControllerEinstellungen.swift; sourceTree = "<group>"; };
		F0E98986196EBEA30009A427 /* Default@2x.jpg */ = {isa = PBXFileReference; lastKnownFileType = image.jpeg; path = "Default@2x.jpg"; sourceTree = "<group>"; };
		F0E98987196EBEA30009A427 /* Default@R4.jpg */ = {isa = PBXFileReference; lastKnownFileType = image.jpeg; path = "Default@R4.jpg"; sourceTree = "<group>"; };
		F0E9898A196EC6E10009A427 /* MapKit.framework */ = {isa = PBXFileReference; lastKnownFileType = wrapper.framework; name = MapKit.framework; path = System/Library/Frameworks/MapKit.framework; sourceTree = SDKROOT; };
		F0E9898C196EC7B00009A427 /* ViewControllerMap.swift */ = {isa = PBXFileReference; fileEncoding = 4; lastKnownFileType = sourcecode.swift; path = ViewControllerMap.swift; sourceTree = "<group>"; };
/* End PBXFileReference section */

/* Begin PBXFrameworksBuildPhase section */
		F0E9895D196EBC6D0009A427 /* Frameworks */ = {
			isa = PBXFrameworksBuildPhase;
			buildActionMask = 2147483647;
			files = (
				F0E9898B196EC6E10009A427 /* MapKit.framework in Frameworks */,
			);
			runOnlyForDeploymentPostprocessing = 0;
		};
		F0E98971196EBC6D0009A427 /* Frameworks */ = {
			isa = PBXFrameworksBuildPhase;
			buildActionMask = 2147483647;
			files = (
			);
			runOnlyForDeploymentPostprocessing = 0;
		};
/* End PBXFrameworksBuildPhase section */

/* Begin PBXGroup section */
		F0E98957196EBC6D0009A427 = {
			isa = PBXGroup;
			children = (
				F0E9898A196EC6E10009A427 /* MapKit.framework */,
				F0E98962196EBC6D0009A427 /* Tabbar */,
				F0E98977196EBC6D0009A427 /* TabbarTests */,
				F0E98961196EBC6D0009A427 /* Products */,
			);
			sourceTree = "<group>";
		};
		F0E98961196EBC6D0009A427 /* Products */ = {
			isa = PBXGroup;
			children = (
				F0E98960196EBC6D0009A427 /* Tabbar.app */,
				F0E98974196EBC6D0009A427 /* TabbarTests.xctest */,
			);
			name = Products;
			sourceTree = "<group>";
		};
		F0E98962196EBC6D0009A427 /* Tabbar */ = {
			isa = PBXGroup;
			children = (
				F0E98965196EBC6D0009A427 /* AppDelegate.swift */,
				F0E98967196EBC6D0009A427 /* ViewControllerWBKurse.swift */,
				F0E98984196EBE0F0009A427 /* ViewControllerEinstellungen.swift */,
				F0E9898C196EC7B00009A427 /* ViewControllerMap.swift */,
				F0E98969196EBC6D0009A427 /* ViewControllerLogin.swift */,
				F0E9896B196EBC6D0009A427 /* Main.storyboard */,
				F0E9896E196EBC6D0009A427 /* Images.xcassets */,
				F0E98963196EBC6D0009A427 /* Supporting Files */,
			);
			path = Tabbar;
			sourceTree = "<group>";
		};
		F0E98963196EBC6D0009A427 /* Supporting Files */ = {
			isa = PBXGroup;
			children = (
				F0E98986196EBEA30009A427 /* Default@2x.jpg */,
				F0E98987196EBEA30009A427 /* Default@R4.jpg */,
				F0E98964196EBC6D0009A427 /* Info.plist */,
			);
			name = "Supporting Files";
			sourceTree = "<group>";
		};
		F0E98977196EBC6D0009A427 /* TabbarTests */ = {
			isa = PBXGroup;
			children = (
				F0E9897A196EBC6D0009A427 /* TabbarTests.swift */,
				F0E98978196EBC6D0009A427 /* Supporting Files */,
			);
			path = TabbarTests;
			sourceTree = "<group>";
		};
		F0E98978196EBC6D0009A427 /* Supporting Files */ = {
			isa = PBXGroup;
			children = (
				F0E98979196EBC6D0009A427 /* Info.plist */,
			);
			name = "Supporting Files";
			sourceTree = "<group>";
		};
/* End PBXGroup section */

/* Begin PBXNativeTarget section */
		F0E9895F196EBC6D0009A427 /* Tabbar */ = {
			isa = PBXNativeTarget;
			buildConfigurationList = F0E9897E196EBC6D0009A427 /* Build configuration list for PBXNativeTarget "Tabbar" */;
			buildPhases = (
				F0E9895C196EBC6D0009A427 /* Sources */,
				F0E9895D196EBC6D0009A427 /* Frameworks */,
				F0E9895E196EBC6D0009A427 /* Resources */,
			);
			buildRules = (
			);
			dependencies = (
			);
			name = Tabbar;
			productName = Tabbar;
			productReference = F0E98960196EBC6D0009A427 /* Tabbar.app */;
			productType = "com.apple.product-type.application";
		};
		F0E98973196EBC6D0009A427 /* TabbarTests */ = {
			isa = PBXNativeTarget;
			buildConfigurationList = F0E98981196EBC6D0009A427 /* Build configuration list for PBXNativeTarget "TabbarTests" */;
			buildPhases = (
				F0E98970196EBC6D0009A427 /* Sources */,
				F0E98971196EBC6D0009A427 /* Frameworks */,
				F0E98972196EBC6D0009A427 /* Resources */,
			);
			buildRules = (
			);
			dependencies = (
				F0E98976196EBC6D0009A427 /* PBXTargetDependency */,
			);
			name = TabbarTests;
			productName = TabbarTests;
			productReference = F0E98974196EBC6D0009A427 /* TabbarTests.xctest */;
			productType = "com.apple.product-type.bundle.unit-test";
		};
/* End PBXNativeTarget section */

/* Begin PBXProject section */
		F0E98958196EBC6D0009A427 /* Project object */ = {
			isa = PBXProject;
			attributes = {
				LastUpgradeCheck = 0600;
				ORGANIZATIONNAME = "Philipp Süess";
				TargetAttributes = {
					F0E9895F196EBC6D0009A427 = {
						CreatedOnToolsVersion = 6.0;
						SystemCapabilities = {
							com.apple.Maps.iOS = {
								enabled = 1;
							};
						};
					};
					F0E98973196EBC6D0009A427 = {
						CreatedOnToolsVersion = 6.0;
						TestTargetID = F0E9895F196EBC6D0009A427;
					};
				};
			};
			buildConfigurationList = F0E9895B196EBC6D0009A427 /* Build configuration list for PBXProject "Tabbar" */;
			compatibilityVersion = "Xcode 3.2";
			developmentRegion = English;
			hasScannedForEncodings = 0;
			knownRegions = (
				en,
				Base,
			);
			mainGroup = F0E98957196EBC6D0009A427;
			productRefGroup = F0E98961196EBC6D0009A427 /* Products */;
			projectDirPath = "";
			projectRoot = "";
			targets = (
				F0E9895F196EBC6D0009A427 /* Tabbar */,
				F0E98973196EBC6D0009A427 /* TabbarTests */,
			);
		};
/* End PBXProject section */

/* Begin PBXResourcesBuildPhase section */
		F0E9895E196EBC6D0009A427 /* Resources */ = {
			isa = PBXResourcesBuildPhase;
			buildActionMask = 2147483647;
			files = (
				F0E98989196EBEA30009A427 /* Default@R4.jpg in Resources */,
				F0E9896D196EBC6D0009A427 /* Main.storyboard in Resources */,
				F0E9896F196EBC6D0009A427 /* Images.xcassets in Resources */,
				F0E98988196EBEA30009A427 /* Default@2x.jpg in Resources */,
			);
			runOnlyForDeploymentPostprocessing = 0;
		};
		F0E98972196EBC6D0009A427 /* Resources */ = {
			isa = PBXResourcesBuildPhase;
			buildActionMask = 2147483647;
			files = (
			);
			runOnlyForDeploymentPostprocessing = 0;
		};
/* End PBXResourcesBuildPhase section */

/* Begin PBXSourcesBuildPhase section */
		F0E9895C196EBC6D0009A427 /* Sources */ = {
			isa = PBXSourcesBuildPhase;
			buildActionMask = 2147483647;
			files = (
				F0E9896A196EBC6D0009A427 /* ViewControllerLogin.swift in Sources */,
				F0E98966196EBC6D0009A427 /* AppDelegate.swift in Sources */,
				F0E98985196EBE0F0009A427 /* ViewControllerEinstellungen.swift in Sources */,
				F0E9898D196EC7B00009A427 /* ViewControllerMap.swift in Sources */,
				F0E98968196EBC6D0009A427 /* ViewControllerWBKurse.swift in Sources */,
			);
			runOnlyForDeploymentPostprocessing = 0;
		};
		F0E98970196EBC6D0009A427 /* Sources */ = {
			isa = PBXSourcesBuildPhase;
			buildActionMask = 2147483647;
			files = (
				F0E9897B196EBC6D0009A427 /* TabbarTests.swift in Sources */,
			);
			runOnlyForDeploymentPostprocessing = 0;
		};
/* End PBXSourcesBuildPhase section */

/* Begin PBXTargetDependency section */
		F0E98976196EBC6D0009A427 /* PBXTargetDependency */ = {
			isa = PBXTargetDependency;
			target = F0E9895F196EBC6D0009A427 /* Tabbar */;
			targetProxy = F0E98975196EBC6D0009A427 /* PBXContainerItemProxy */;
		};
/* End PBXTargetDependency section */

/* Begin PBXVariantGroup section */
		F0E9896B196EBC6D0009A427 /* Main.storyboard */ = {
			isa = PBXVariantGroup;
			children = (
				F0E9896C196EBC6D0009A427 /* Base */,
			);
			name = Main.storyboard;
			sourceTree = "<group>";
		};
/* End PBXVariantGroup section */

/* Begin XCBuildConfiguration section */
		F0E9897C196EBC6D0009A427 /* Debug */ = {
			isa = XCBuildConfiguration;
			buildSettings = {
				ALWAYS_SEARCH_USER_PATHS = NO;
				CLANG_CXX_LANGUAGE_STANDARD = "gnu++0x";
				CLANG_CXX_LIBRARY = "libc++";
				CLANG_ENABLE_MODULES = YES;
				CLANG_ENABLE_OBJC_ARC = YES;
				CLANG_WARN_BOOL_CONVERSION = YES;
				CLANG_WARN_CONSTANT_CONVERSION = YES;
				CLANG_WARN_DIRECT_OBJC_ISA_USAGE = YES_ERROR;
				CLANG_WARN_EMPTY_BODY = YES;
				CLANG_WARN_ENUM_CONVERSION = YES;
				CLANG_WARN_INT_CONVERSION = YES;
				CLANG_WARN_OBJC_ROOT_CLASS = YES_ERROR;
				CLANG_WARN_UNREACHABLE_CODE = YES;
				CLANG_WARN__DUPLICATE_METHOD_MATCH = YES;
				"CODE_SIGN_IDENTITY[sdk=iphoneos*]" = "iPhone Developer";
				COPY_PHASE_STRIP = NO;
				ENABLE_STRICT_OBJC_MSGSEND = YES;
				GCC_C_LANGUAGE_STANDARD = gnu99;
				GCC_DYNAMIC_NO_PIC = NO;
				GCC_OPTIMIZATION_LEVEL = 0;
				GCC_PREPROCESSOR_DEFINITIONS = (
					"DEBUG=1",
					"$(inherited)",
				);
				GCC_SYMBOLS_PRIVATE_EXTERN = NO;
				GCC_WARN_64_TO_32_BIT_CONVERSION = YES;
				GCC_WARN_ABOUT_RETURN_TYPE = YES_ERROR;
				GCC_WARN_UNDECLARED_SELECTOR = YES;
				GCC_WARN_UNINITIALIZED_AUTOS = YES_AGGRESSIVE;
				GCC_WARN_UNUSED_FUNCTION = YES;
				GCC_WARN_UNUSED_VARIABLE = YES;
				IPHONEOS_DEPLOYMENT_TARGET = 8.0;
				METAL_ENABLE_DEBUG_INFO = YES;
				ONLY_ACTIVE_ARCH = YES;
				SDKROOT = iphoneos;
				SWIFT_OPTIMIZATION_LEVEL = "-Onone";
			};
			name = Debug;
		};
		F0E9897D196EBC6D0009A427 /* Release */ = {
			isa = XCBuildConfiguration;
			buildSettings = {
				ALWAYS_SEARCH_USER_PATHS = NO;
				CLANG_CXX_LANGUAGE_STANDARD = "gnu++0x";
				CLANG_CXX_LIBRARY = "libc++";
				CLANG_ENABLE_MODULES = YES;
				CLANG_ENABLE_OBJC_ARC = YES;
				CLANG_WARN_BOOL_CONVERSION = YES;
				CLANG_WARN_CONSTANT_CONVERSION = YES;
				CLANG_WARN_DIRECT_OBJC_ISA_USAGE = YES_ERROR;
				CLANG_WARN_EMPTY_BODY = YES;
				CLANG_WARN_ENUM_CONVERSION = YES;
				CLANG_WARN_INT_CONVERSION = YES;
				CLANG_WARN_OBJC_ROOT_CLASS = YES_ERROR;
				CLANG_WARN_UNREACHABLE_CODE = YES;
				CLANG_WARN__DUPLICATE_METHOD_MATCH = YES;
				"CODE_SIGN_IDENTITY[sdk=iphoneos*]" = "iPhone Developer";
				COPY_PHASE_STRIP = YES;
				ENABLE_NS_ASSERTIONS = NO;
				ENABLE_STRICT_OBJC_MSGSEND = YES;
				GCC_C_LANGUAGE_STANDARD = gnu99;
				GCC_WARN_64_TO_32_BIT_CONVERSION = YES;
				GCC_WARN_ABOUT_RETURN_TYPE = YES_ERROR;
				GCC_WARN_UNDECLARED_SELECTOR = YES;
				GCC_WARN_UNINITIALIZED_AUTOS = YES_AGGRESSIVE;
				GCC_WARN_UNUSED_FUNCTION = YES;
				GCC_WARN_UNUSED_VARIABLE = YES;
				IPHONEOS_DEPLOYMENT_TARGET = 8.0;
				METAL_ENABLE_DEBUG_INFO = NO;
				SDKROOT = iphoneos;
				VALIDATE_PRODUCT = YES;
			};
			name = Release;
		};
		F0E9897F196EBC6D0009A427 /* Debug */ = {
			isa = XCBuildConfiguration;
			buildSettings = {
				ASSETCATALOG_COMPILER_APPICON_NAME = AppIcon;
				ASSETCATALOG_COMPILER_LAUNCHIMAGE_NAME = LaunchImage;
				INFOPLIST_FILE = Tabbar/Info.plist;
				LD_RUNPATH_SEARCH_PATHS = "$(inherited) @executable_path/Frameworks";
				PRODUCT_NAME = "$(TARGET_NAME)";
			};
			name = Debug;
		};
		F0E98980196EBC6D0009A427 /* Release */ = {
			isa = XCBuildConfiguration;
			buildSettings = {
				ASSETCATALOG_COMPILER_APPICON_NAME = AppIcon;
				ASSETCATALOG_COMPILER_LAUNCHIMAGE_NAME = LaunchImage;
				INFOPLIST_FILE = Tabbar/Info.plist;
				LD_RUNPATH_SEARCH_PATHS = "$(inherited) @executable_path/Frameworks";
				PRODUCT_NAME = "$(TARGET_NAME)";
			};
			name = Release;
		};
		F0E98982196EBC6D0009A427 /* Debug */ = {
			isa = XCBuildConfiguration;
			buildSettings = {
				BUNDLE_LOADER = "$(BUILT_PRODUCTS_DIR)/Tabbar.app/Tabbar";
				FRAMEWORK_SEARCH_PATHS = (
					"$(SDKROOT)/Developer/Library/Frameworks",
					"$(inherited)",
				);
				GCC_PREPROCESSOR_DEFINITIONS = (
					"DEBUG=1",
					"$(inherited)",
				);
				INFOPLIST_FILE = TabbarTests/Info.plist;
				LD_RUNPATH_SEARCH_PATHS = "$(inherited) @executable_path/Frameworks @loader_path/Frameworks";
				METAL_ENABLE_DEBUG_INFO = YES;
				PRODUCT_NAME = "$(TARGET_NAME)";
				TEST_HOST = "$(BUNDLE_LOADER)";
			};
			name = Debug;
		};
		F0E98983196EBC6D0009A427 /* Release */ = {
			isa = XCBuildConfiguration;
			buildSettings = {
				BUNDLE_LOADER = "$(BUILT_PRODUCTS_DIR)/Tabbar.app/Tabbar";
				FRAMEWORK_SEARCH_PATHS = (
					"$(SDKROOT)/Developer/Library/Frameworks",
					"$(inherited)",
				);
				INFOPLIST_FILE = TabbarTests/Info.plist;
				LD_RUNPATH_SEARCH_PATHS = "$(inherited) @executable_path/Frameworks @loader_path/Frameworks";
				METAL_ENABLE_DEBUG_INFO = NO;
				PRODUCT_NAME = "$(TARGET_NAME)";
				TEST_HOST = "$(BUNDLE_LOADER)";
			};
			name = Release;
		};
/* End XCBuildConfiguration section */

/* Begin XCConfigurationList section */
		F0E9895B196EBC6D0009A427 /* Build configuration list for PBXProject "Tabbar" */ = {
			isa = XCConfigurationList;
			buildConfigurations = (
				F0E9897C196EBC6D0009A427 /* Debug */,
				F0E9897D196EBC6D0009A427 /* Release */,
			);
			defaultConfigurationIsVisible = 0;
			defaultConfigurationName = Release;
		};
		F0E9897E196EBC6D0009A427 /* Build configuration list for PBXNativeTarget "Tabbar" */ = {
			isa = XCConfigurationList;
			buildConfigurations = (
				F0E9897F196EBC6D0009A427 /* Debug */,
				F0E98980196EBC6D0009A427 /* Release */,
			);
			defaultConfigurationIsVisible = 0;
		};
		F0E98981196EBC6D0009A427 /* Build configuration list for PBXNativeTarget "TabbarTests" */ = {
			isa = XCConfigurationList;
			buildConfigurations = (
				F0E98982196EBC6D0009A427 /* Debug */,
				F0E98983196EBC6D0009A427 /* Release */,
			);
			defaultConfigurationIsVisible = 0;
		};
/* End XCConfigurationList section */
	};
	rootObject = F0E98958196EBC6D0009A427 /* Project object */;
}
